
Microsoft Visual Studio Solution File, Format Version 12.00
# Visual Studio Version 17
VisualStudioVersion = 17.3.32901.215
MinimumVisualStudioVersion = 10.0.40219.1
Project("{2150E333-8FDC-42A3-9474-1A3956D46DE8}") = "tests", "tests", "{FB0C963D-63E3-4066-BEA7-25F351982FDF}"
EndProject
Project("{2150E333-8FDC-42A3-9474-1A3956D46DE8}") = "src", "src", "{54B9EF60-25C8-4789-9278-45A79696D20C}"
EndProject
Project("{2150E333-8FDC-42A3-9474-1A3956D46DE8}") = "Clients", "Clients", "{429CAA13-17D3-41D9-95CB-8495BB11079C}"
EndProject
Project("{9A19103F-16F7-4668-BE54-9A1E7A4F7556}") = "MauiMobApp", "MauiMobApp\MauiMobApp.csproj", "{8E13B9FA-C000-43CF-8ABE-825A92E8405D}"
EndProject
Project("{9A19103F-16F7-4668-BE54-9A1E7A4F7556}") = "Application", "Application\Application.csproj", "{938CB1FD-B71A-4089-AC56-A1882D4DF05B}"
EndProject
Project("{9A19103F-16F7-4668-BE54-9A1E7A4F7556}") = "Domain", "Domain\Domain.csproj", "{1A5DD394-A8E1-4D25-9715-4D3A352A7CAB}"
EndProject
Project("{9A19103F-16F7-4668-BE54-9A1E7A4F7556}") = "Infrastructure", "Infrastructure\Infrastructure.csproj", "{F0217E0D-0B3A-439F-B3E3-6B3142703819}"
EndProject
Project("{9A19103F-16F7-4668-BE54-9A1E7A4F7556}") = "WebAPI", "API\WebAPI.csproj", "{3EC0E738-5FA6-4DDB-85DA-5AA765EB286C}"
EndProject
Project("{2150E333-8FDC-42A3-9474-1A3956D46DE8}") = "solutionItems", "solutionItems", "{AFDDDF5F-07D5-4184-859F-615695908867}"
	ProjectSection(SolutionItems) = preProject
		README.md = README.md
	EndProjectSection
EndProject
Global
	GlobalSection(SolutionConfigurationPlatforms) = preSolution
		Debug|Any CPU = Debug|Any CPU
		Release|Any CPU = Release|Any CPU
	EndGlobalSection
	GlobalSection(ProjectConfigurationPlatforms) = postSolution
		{8E13B9FA-C000-43CF-8ABE-825A92E8405D}.Debug|Any CPU.ActiveCfg = Debug|Any CPU
		{8E13B9FA-C000-43CF-8ABE-825A92E8405D}.Debug|Any CPU.Build.0 = Debug|Any CPU
		{8E13B9FA-C000-43CF-8ABE-825A92E8405D}.Debug|Any CPU.Deploy.0 = Debug|Any CPU
		{8E13B9FA-C000-43CF-8ABE-825A92E8405D}.Release|Any CPU.ActiveCfg = Release|Any CPU
		{8E13B9FA-C000-43CF-8ABE-825A92E8405D}.Release|Any CPU.Build.0 = Release|Any CPU
		{8E13B9FA-C000-43CF-8ABE-825A92E8405D}.Release|Any CPU.Deploy.0 = Release|Any CPU
		{938CB1FD-B71A-4089-AC56-A1882D4DF05B}.Debug|Any CPU.ActiveCfg = Debug|Any CPU
		{938CB1FD-B71A-4089-AC56-A1882D4DF05B}.Debug|Any CPU.Build.0 = Debug|Any CPU
		{938CB1FD-B71A-4089-AC56-A1882D4DF05B}.Release|Any CPU.ActiveCfg = Release|Any CPU
		{938CB1FD-B71A-4089-AC56-A1882D4DF05B}.Release|Any CPU.Build.0 = Release|Any CPU
		{1A5DD394-A8E1-4D25-9715-4D3A352A7CAB}.Debug|Any CPU.ActiveCfg = Debug|Any CPU
		{1A5DD394-A8E1-4D25-9715-4D3A352A7CAB}.Debug|Any CPU.Build.0 = Debug|Any CPU
		{1A5DD394-A8E1-4D25-9715-4D3A352A7CAB}.Release|Any CPU.ActiveCfg = Release|Any CPU
		{1A5DD394-A8E1-4D25-9715-4D3A352A7CAB}.Release|Any CPU.Build.0 = Release|Any CPU
		{F0217E0D-0B3A-439F-B3E3-6B3142703819}.Debug|Any CPU.ActiveCfg = Debug|Any CPU
		{F0217E0D-0B3A-439F-B3E3-6B3142703819}.Debug|Any CPU.Build.0 = Debug|Any CPU
		{F0217E0D-0B3A-439F-B3E3-6B3142703819}.Release|Any CPU.ActiveCfg = Release|Any CPU
		{F0217E0D-0B3A-439F-B3E3-6B3142703819}.Release|Any CPU.Build.0 = Release|Any CPU
		{3EC0E738-5FA6-4DDB-85DA-5AA765EB286C}.Debug|Any CPU.ActiveCfg = Debug|Any CPU
		{3EC0E738-5FA6-4DDB-85DA-5AA765EB286C}.Debug|Any CPU.Build.0 = Debug|Any CPU
		{3EC0E738-5FA6-4DDB-85DA-5AA765EB286C}.Release|Any CPU.ActiveCfg = Release|Any CPU
		{3EC0E738-5FA6-4DDB-85DA-5AA765EB286C}.Release|Any CPU.Build.0 = Release|Any CPU
	EndGlobalSection
	GlobalSection(SolutionProperties) = preSolution
		HideSolutionNode = FALSE
	EndGlobalSection
	GlobalSection(NestedProjects) = preSolution
		{429CAA13-17D3-41D9-95CB-8495BB11079C} = {54B9EF60-25C8-4789-9278-45A79696D20C}
		{8E13B9FA-C000-43CF-8ABE-825A92E8405D} = {429CAA13-17D3-41D9-95CB-8495BB11079C}
		{938CB1FD-B71A-4089-AC56-A1882D4DF05B} = {54B9EF60-25C8-4789-9278-45A79696D20C}
		{1A5DD394-A8E1-4D25-9715-4D3A352A7CAB} = {54B9EF60-25C8-4789-9278-45A79696D20C}
		{F0217E0D-0B3A-439F-B3E3-6B3142703819} = {54B9EF60-25C8-4789-9278-45A79696D20C}
		{3EC0E738-5FA6-4DDB-85DA-5AA765EB286C} = {54B9EF60-25C8-4789-9278-45A79696D20C}
	EndGlobalSection
	GlobalSection(ExtensibilityGlobals) = postSolution
		SolutionGuid = {21BCB3D7-081E-48D4-AEFF-6E79B5022591}
	EndGlobalSection
EndGlobal
