
Microsoft Visual Studio Solution File, Format Version 12.00
# Visual Studio Version 17
VisualStudioVersion = 17.3.32901.215
MinimumVisualStudioVersion = 10.0.40219.1
Project("{2150E333-8FDC-42A3-9474-1A3956D46DE8}") = "tests", "tests", "{FB0C963D-63E3-4066-BEA7-25F351982FDF}"
EndProject
Project("{2150E333-8FDC-42A3-9474-1A3956D46DE8}") = "src", "src", "{54B9EF60-25C8-4789-9278-45A79696D20C}"
EndProject
Project("{2150E333-8FDC-42A3-9474-1A3956D46DE8}") = "Web Apps", "Web Apps", "{EB86D3C6-2E80-41F9-8453-2F103B815FFE}"
EndProject
Project("{2150E333-8FDC-42A3-9474-1A3956D46DE8}") = "Infrastructure", "Infrastructure", "{CBF947ED-62E9-4A84-AC36-4B52479B8B5E}"
EndProject
Project("{2150E333-8FDC-42A3-9474-1A3956D46DE8}") = "API", "API", "{78F6E2B3-F4C7-4FDC-A13E-2988DAAB0EF8}"
EndProject
Project("{2150E333-8FDC-42A3-9474-1A3956D46DE8}") = "Domain", "Domain", "{F268A6DF-A759-4E3F-92FB-FC1D76B771D0}"
EndProject
Project("{2150E333-8FDC-42A3-9474-1A3956D46DE8}") = "Clients", "Clients", "{429CAA13-17D3-41D9-95CB-8495BB11079C}"
EndProject
Project("{FAE04EC0-301F-11D3-BF4B-00C04F79EFBC}") = "MauiMobApp", "MauiMobApp\MauiMobApp.csproj", "{8E13B9FA-C000-43CF-8ABE-825A92E8405D}"
EndProject
Global
	GlobalSection(SolutionConfigurationPlatforms) = preSolution
		Debug|Any CPU = Debug|Any CPU
		Release|Any CPU = Release|Any CPU
	EndGlobalSection
	GlobalSection(ProjectConfigurationPlatforms) = postSolution
		{8E13B9FA-C000-43CF-8ABE-825A92E8405D}.Debug|Any CPU.ActiveCfg = Debug|Any CPU
		{8E13B9FA-C000-43CF-8ABE-825A92E8405D}.Debug|Any CPU.Build.0 = Debug|Any CPU
		{8E13B9FA-C000-43CF-8ABE-825A92E8405D}.Debug|Any CPU.Deploy.0 = Debug|Any CPU
		{8E13B9FA-C000-43CF-8ABE-825A92E8405D}.Release|Any CPU.ActiveCfg = Release|Any CPU
		{8E13B9FA-C000-43CF-8ABE-825A92E8405D}.Release|Any CPU.Build.0 = Release|Any CPU
		{8E13B9FA-C000-43CF-8ABE-825A92E8405D}.Release|Any CPU.Deploy.0 = Release|Any CPU
	EndGlobalSection
	GlobalSection(SolutionProperties) = preSolution
		HideSolutionNode = FALSE
	EndGlobalSection
	GlobalSection(NestedProjects) = preSolution
		{EB86D3C6-2E80-41F9-8453-2F103B815FFE} = {54B9EF60-25C8-4789-9278-45A79696D20C}
		{CBF947ED-62E9-4A84-AC36-4B52479B8B5E} = {54B9EF60-25C8-4789-9278-45A79696D20C}
		{78F6E2B3-F4C7-4FDC-A13E-2988DAAB0EF8} = {54B9EF60-25C8-4789-9278-45A79696D20C}
		{F268A6DF-A759-4E3F-92FB-FC1D76B771D0} = {54B9EF60-25C8-4789-9278-45A79696D20C}
		{429CAA13-17D3-41D9-95CB-8495BB11079C} = {54B9EF60-25C8-4789-9278-45A79696D20C}
		{8E13B9FA-C000-43CF-8ABE-825A92E8405D} = {429CAA13-17D3-41D9-95CB-8495BB11079C}
	EndGlobalSection
	GlobalSection(ExtensibilityGlobals) = postSolution
		SolutionGuid = {21BCB3D7-081E-48D4-AEFF-6E79B5022591}
	EndGlobalSection
EndGlobal
